
Microsoft Visual Studio Solution File, Format Version 12.00
# Visual Studio Version 17
VisualStudioVersion = 17.8.34330.188
MinimumVisualStudioVersion = 10.0.40219.1
Project("{9A19103F-16F7-4668-BE54-9A1E7A4F7556}") = "LiarsBar", "LiarsBar\LiarsBar.csproj", "{C1840192-1F3D-4CFD-B327-0FA6A9276DA6}"
EndProject
Project("{9A19103F-16F7-4668-BE54-9A1E7A4F7556}") = "LiarsBarApplication", "LiarsBarApplication\LiarsBarApplication.csproj", "{1AF20E3A-0C12-4BF4-8727-54A8B5C1143F}"
EndProject
Project("{9A19103F-16F7-4668-BE54-9A1E7A4F7556}") = "Client", "Client\Client.csproj", "{16C14C33-F8AA-4B43-8259-0EE4BA5AA747}"
EndProject
Project("{9A19103F-16F7-4668-BE54-9A1E7A4F7556}") = "Server", "Server\Server.csproj", "{871965FD-2BC2-44DD-84DF-94DA41F3760E}"
EndProject
Global
	GlobalSection(SolutionConfigurationPlatforms) = preSolution
		Debug|Any CPU = Debug|Any CPU
		Release|Any CPU = Release|Any CPU
	EndGlobalSection
	GlobalSection(ProjectConfigurationPlatforms) = postSolution
		{C1840192-1F3D-4CFD-B327-0FA6A9276DA6}.Debug|Any CPU.ActiveCfg = Debug|Any CPU
		{C1840192-1F3D-4CFD-B327-0FA6A9276DA6}.Debug|Any CPU.Build.0 = Debug|Any CPU
		{C1840192-1F3D-4CFD-B327-0FA6A9276DA6}.Release|Any CPU.ActiveCfg = Release|Any CPU
		{C1840192-1F3D-4CFD-B327-0FA6A9276DA6}.Release|Any CPU.Build.0 = Release|Any CPU
		{1AF20E3A-0C12-4BF4-8727-54A8B5C1143F}.Debug|Any CPU.ActiveCfg = Debug|Any CPU
		{1AF20E3A-0C12-4BF4-8727-54A8B5C1143F}.Debug|Any CPU.Build.0 = Debug|Any CPU
		{1AF20E3A-0C12-4BF4-8727-54A8B5C1143F}.Release|Any CPU.ActiveCfg = Release|Any CPU
		{1AF20E3A-0C12-4BF4-8727-54A8B5C1143F}.Release|Any CPU.Build.0 = Release|Any CPU
		{16C14C33-F8AA-4B43-8259-0EE4BA5AA747}.Debug|Any CPU.ActiveCfg = Debug|Any CPU
		{16C14C33-F8AA-4B43-8259-0EE4BA5AA747}.Debug|Any CPU.Build.0 = Debug|Any CPU
		{16C14C33-F8AA-4B43-8259-0EE4BA5AA747}.Release|Any CPU.ActiveCfg = Release|Any CPU
		{16C14C33-F8AA-4B43-8259-0EE4BA5AA747}.Release|Any CPU.Build.0 = Release|Any CPU
		{871965FD-2BC2-44DD-84DF-94DA41F3760E}.Debug|Any CPU.ActiveCfg = Debug|Any CPU
		{871965FD-2BC2-44DD-84DF-94DA41F3760E}.Debug|Any CPU.Build.0 = Debug|Any CPU
		{871965FD-2BC2-44DD-84DF-94DA41F3760E}.Release|Any CPU.ActiveCfg = Release|Any CPU
		{871965FD-2BC2-44DD-84DF-94DA41F3760E}.Release|Any CPU.Build.0 = Release|Any CPU
	EndGlobalSection
	GlobalSection(SolutionProperties) = preSolution
		HideSolutionNode = FALSE
	EndGlobalSection
	GlobalSection(ExtensibilityGlobals) = postSolution
		SolutionGuid = {A31B6F89-8E05-4693-8C8E-656460927A56}
	EndGlobalSection
EndGlobal
